{
	"name": "@tm-tools/csv-importer",
	"version": "0.0.0",
	"lockfileVersion": 1,
	"requires": true,
	"dependencies": {
		"csv-parse": {
			"version": "4.8.8",
			"resolved": "https://registry.npmjs.org/csv-parse/-/csv-parse-4.8.8.tgz",
			"integrity": "sha512-Kv3Ilz2GV58dOoHBXRCTF8ijxlLjl80bG3d67XPI6DNqffb3AnbPbKr/WvCUMJq5V0AZYi6sukOaOQAVpfuVbg=="
		},
		"reflect-metadata": {
			"version": "0.1.13",
			"resolved": "https://registry.npmjs.org/reflect-metadata/-/reflect-metadata-0.1.13.tgz",
			"integrity": "sha512-Ts1Y/anZELhSsjMcU605fU9RE4Oi3p5ORujwbIKXfWa+0Zxs510Qrmrce5/Jowq3cHSZSJqBjypxmHarc+vEWg=="
		}
	}
}
